
Microsoft Visual Studio Solution File, Format Version 12.00
# Visual Studio Version 17
VisualStudioVersion = 17.13.35818.85 d17.13
MinimumVisualStudioVersion = 10.0.40219.1
Project("{FAE04EC0-301F-11D3-BF4B-00C04F79EFBC}") = "Class_Work", "Class_Work.csproj", "{A77638A4-2B45-4FCF-A170-B8C2B43D0143}"
EndProject
Global
	GlobalSection(SolutionConfigurationPlatforms) = preSolution
		Debug|Any CPU = Debug|Any CPU
		Release|Any CPU = Release|Any CPU
	EndGlobalSection
	GlobalSection(ProjectConfigurationPlatforms) = postSolution
		{A77638A4-2B45-4FCF-A170-B8C2B43D0143}.Debug|Any CPU.ActiveCfg = Debug|Any CPU
		{A77638A4-2B45-4FCF-A170-B8C2B43D0143}.Debug|Any CPU.Build.0 = Debug|Any CPU
		{A77638A4-2B45-4FCF-A170-B8C2B43D0143}.Release|Any CPU.ActiveCfg = Release|Any CPU
		{A77638A4-2B45-4FCF-A170-B8C2B43D0143}.Release|Any CPU.Build.0 = Release|Any CPU
	EndGlobalSection
	GlobalSection(SolutionProperties) = preSolution
		HideSolutionNode = FALSE
	EndGlobalSection
	GlobalSection(ExtensibilityGlobals) = postSolution
		SolutionGuid = {CFDD3813-545D-4FC2-BBD4-25A0AB37E90D}
	EndGlobalSection
EndGlobal
