
Microsoft Visual Studio Solution File, Format Version 12.00
# Visual Studio Version 17
VisualStudioVersion = 17.13.35818.85 d17.13
MinimumVisualStudioVersion = 10.0.40219.1
Project("{FAE04EC0-301F-11D3-BF4B-00C04F79EFBC}") = "WinForms", "WinForms.csproj", "{0FDA4873-3D69-41CD-A92E-385EC6A31D2B}"
EndProject
Global
	GlobalSection(SolutionConfigurationPlatforms) = preSolution
		Debug|Any CPU = Debug|Any CPU
		Release|Any CPU = Release|Any CPU
	EndGlobalSection
	GlobalSection(ProjectConfigurationPlatforms) = postSolution
		{0FDA4873-3D69-41CD-A92E-385EC6A31D2B}.Debug|Any CPU.ActiveCfg = Debug|Any CPU
		{0FDA4873-3D69-41CD-A92E-385EC6A31D2B}.Debug|Any CPU.Build.0 = Debug|Any CPU
		{0FDA4873-3D69-41CD-A92E-385EC6A31D2B}.Release|Any CPU.ActiveCfg = Release|Any CPU
		{0FDA4873-3D69-41CD-A92E-385EC6A31D2B}.Release|Any CPU.Build.0 = Release|Any CPU
	EndGlobalSection
	GlobalSection(SolutionProperties) = preSolution
		HideSolutionNode = FALSE
	EndGlobalSection
	GlobalSection(ExtensibilityGlobals) = postSolution
		SolutionGuid = {23097A8C-F901-464F-BDA3-D43079A2E222}
	EndGlobalSection
EndGlobal
